// !$*UTF8*$!
{
	archiveVersion = 1;
	classes = {
	};
	objectVersion = 46;
	objects = {

/* Begin PBXBuildFile section */
		46BBC2C21FAEE0A3005B0710 /* EmergencySettingsVC.swift in Sources */ = {isa = PBXBuildFile; fileRef = 46BBC2C11FAEE0A3005B0710 /* EmergencySettingsVC.swift */; };
		6D1E1E851FB020DB0055C01A /* LabelTest.swift in Sources */ = {isa = PBXBuildFile; fileRef = 6D1E1E801FB020DB0055C01A /* LabelTest.swift */; };
		6D1E1E861FB020DB0055C01A /* PeopleBankTest.swift in Sources */ = {isa = PBXBuildFile; fileRef = 6D1E1E811FB020DB0055C01A /* PeopleBankTest.swift */; };
		6D1E1E871FB020DB0055C01A /* PersonLabelTest.swift in Sources */ = {isa = PBXBuildFile; fileRef = 6D1E1E821FB020DB0055C01A /* PersonLabelTest.swift */; };
		6D1E1E881FB020DB0055C01A /* DatabaseTest.swift in Sources */ = {isa = PBXBuildFile; fileRef = 6D1E1E831FB020DB0055C01A /* DatabaseTest.swift */; };
		6D1E1E891FB020DB0055C01A /* PersonTest.swift in Sources */ = {isa = PBXBuildFile; fileRef = 6D1E1E841FB020DB0055C01A /* PersonTest.swift */; };
		6D3A00051FAFA469004141E5 /* XLabelsTableViewController.swift in Sources */ = {isa = PBXBuildFile; fileRef = 6D3A00041FAFA469004141E5 /* XLabelsTableViewController.swift */; };
		6D4E9A191FCA2ED300880697 /* QuizListTableViewController.swift in Sources */ = {isa = PBXBuildFile; fileRef = 6D4E9A181FCA2ED300880697 /* QuizListTableViewController.swift */; };
		6D4E9A1B1FCA382900880697 /* QuizListTableViewCell.swift in Sources */ = {isa = PBXBuildFile; fileRef = 6D4E9A1A1FCA382900880697 /* QuizListTableViewCell.swift */; };
		6D4E9A1F1FCA522F00880697 /* QuestionListTableViewController.swift in Sources */ = {isa = PBXBuildFile; fileRef = 6D4E9A1E1FCA522F00880697 /* QuestionListTableViewController.swift */; };
		6D4E9A211FCA52C700880697 /* QuestionListTableViewCell.swift in Sources */ = {isa = PBXBuildFile; fileRef = 6D4E9A201FCA52C700880697 /* QuestionListTableViewCell.swift */; };
		717749B71FA8061800C33286 /* HumanNetworkVC.swift in Sources */ = {isa = PBXBuildFile; fileRef = 717749B61FA8061800C33286 /* HumanNetworkVC.swift */; };
		BB0BC7E61FD0BD1700148E6D /* EditQuestionsVC.swift in Sources */ = {isa = PBXBuildFile; fileRef = BB0BC7E51FD0BD1700148E6D /* EditQuestionsVC.swift */; };
		BBA2E1C51FAC0C99008DF6D2 /* CreateUserProfileVC.swift in Sources */ = {isa = PBXBuildFile; fileRef = BBA2E1C41FAC0C99008DF6D2 /* CreateUserProfileVC.swift */; };
		D343E0F71FB3A47900151675 /* MainQuizPageVC.swift in Sources */ = {isa = PBXBuildFile; fileRef = D343E0F61FB3A47900151675 /* MainQuizPageVC.swift */; };
		D343E0FF1FB3AABC00151675 /* MainScreenVC.swift in Sources */ = {isa = PBXBuildFile; fileRef = D343E0FE1FB3AABC00151675 /* MainScreenVC.swift */; };
		D3D234B01FA96C1300E5D683 /* AddContactVC.swift in Sources */ = {isa = PBXBuildFile; fileRef = D3D234AF1FA96C1300E5D683 /* AddContactVC.swift */; };
		EB41F8FC1FBBC74F00D7E25D /* PlayQuizVC.swift in Sources */ = {isa = PBXBuildFile; fileRef = EB41F8FB1FBBC74F00D7E25D /* PlayQuizVC.swift */; };
		EB41F9041FBBDC1400D7E25D /* EndQuizVC.swift in Sources */ = {isa = PBXBuildFile; fileRef = EB41F9031FBBDC1400D7E25D /* EndQuizVC.swift */; };
		F7563BAF1F9A9BF90046AC3E /* AppDelegate.swift in Sources */ = {isa = PBXBuildFile; fileRef = F7563BAE1F9A9BF90046AC3E /* AppDelegate.swift */; };
		F7563BB11F9A9BF90046AC3E /* ViewController.swift in Sources */ = {isa = PBXBuildFile; fileRef = F7563BB01F9A9BF90046AC3E /* ViewController.swift */; };
		F7563BB41F9A9BF90046AC3E /* Main.storyboard in Resources */ = {isa = PBXBuildFile; fileRef = F7563BB21F9A9BF90046AC3E /* Main.storyboard */; };
		F7563BB61F9A9BF90046AC3E /* Assets.xcassets in Resources */ = {isa = PBXBuildFile; fileRef = F7563BB51F9A9BF90046AC3E /* Assets.xcassets */; };
		F7563BB91F9A9BF90046AC3E /* LaunchScreen.storyboard in Resources */ = {isa = PBXBuildFile; fileRef = F7563BB71F9A9BF90046AC3E /* LaunchScreen.storyboard */; };
		F7563BCF1F9A9BF90046AC3E /* PPalUITests.swift in Sources */ = {isa = PBXBuildFile; fileRef = F7563BCE1F9A9BF90046AC3E /* PPalUITests.swift */; };
		F7563BDE1F9A9C230046AC3E /* libsqlite3.tbd in Frameworks */ = {isa = PBXBuildFile; fileRef = F7563BDD1F9A9C230046AC3E /* libsqlite3.tbd */; settings = {ATTRIBUTES = (Required, ); }; };
		F75D1C411FBFE0B5005402B5 /* DataPopulation.swift in Sources */ = {isa = PBXBuildFile; fileRef = F75D1C401FBFE0B5005402B5 /* DataPopulation.swift */; };
		F75D81E01FAE7C6F0071F47F /* SQLite.framework in Frameworks */ = {isa = PBXBuildFile; fileRef = F75D81D31FAE7C630071F47F /* SQLite.framework */; };
		F75D81E11FAE7C740071F47F /* SQLite.framework in Frameworks */ = {isa = PBXBuildFile; fileRef = F75D81D31FAE7C630071F47F /* SQLite.framework */; };
		F75D81E21FAE7C740071F47F /* SQLite.framework in Embed Frameworks */ = {isa = PBXBuildFile; fileRef = F75D81D31FAE7C630071F47F /* SQLite.framework */; settings = {ATTRIBUTES = (CodeSignOnCopy, RemoveHeadersOnCopy, ); }; };
		F75D82081FAE7F580071F47F /* PersonTableViewController.swift in Sources */ = {isa = PBXBuildFile; fileRef = F75D82041FAE7F570071F47F /* PersonTableViewController.swift */; };
		F75D82091FAE7F580071F47F /* LabelTableViewCell.swift in Sources */ = {isa = PBXBuildFile; fileRef = F75D82051FAE7F570071F47F /* LabelTableViewCell.swift */; };
		F75D820A1FAE7F580071F47F /* PersonTableViewCell.swift in Sources */ = {isa = PBXBuildFile; fileRef = F75D82061FAE7F570071F47F /* PersonTableViewCell.swift */; };
		F75D820B1FAE7F580071F47F /* AddLabelTableViewController.swift in Sources */ = {isa = PBXBuildFile; fileRef = F75D82071FAE7F570071F47F /* AddLabelTableViewController.swift */; };
		F75D82261FAE9B6D0071F47F /* Emergency.swift in Sources */ = {isa = PBXBuildFile; fileRef = F75D82251FAE9B6D0071F47F /* Emergency.swift */; };
		F768427A1FBE4B53004EB264 /* QuizBank.swift in Sources */ = {isa = PBXBuildFile; fileRef = F76842701FBE4B53004EB264 /* QuizBank.swift */; };
		F768427B1FBE4B53004EB264 /* Question.swift in Sources */ = {isa = PBXBuildFile; fileRef = F76842711FBE4B53004EB264 /* Question.swift */; };
		F768427C1FBE4B53004EB264 /* Choice.swift in Sources */ = {isa = PBXBuildFile; fileRef = F76842721FBE4B53004EB264 /* Choice.swift */; };
		F768427D1FBE4B53004EB264 /* Database.swift in Sources */ = {isa = PBXBuildFile; fileRef = F76842731FBE4B53004EB264 /* Database.swift */; };
		F768427E1FBE4B53004EB264 /* Label.swift in Sources */ = {isa = PBXBuildFile; fileRef = F76842741FBE4B53004EB264 /* Label.swift */; };
		F768427F1FBE4B53004EB264 /* Quiz.swift in Sources */ = {isa = PBXBuildFile; fileRef = F76842751FBE4B53004EB264 /* Quiz.swift */; };
		F76842801FBE4B53004EB264 /* UIImage.swift in Sources */ = {isa = PBXBuildFile; fileRef = F76842761FBE4B53004EB264 /* UIImage.swift */; };
		F76842811FBE4B53004EB264 /* Person.swift in Sources */ = {isa = PBXBuildFile; fileRef = F76842771FBE4B53004EB264 /* Person.swift */; };
		F76842821FBE4B53004EB264 /* String.swift in Sources */ = {isa = PBXBuildFile; fileRef = F76842781FBE4B53004EB264 /* String.swift */; };
		F76842831FBE4B53004EB264 /* PeopleBank.swift in Sources */ = {isa = PBXBuildFile; fileRef = F76842791FBE4B53004EB264 /* PeopleBank.swift */; };
		F7A880691FCFAA74001A540C /* PeopleFromLabelVC.swift in Sources */ = {isa = PBXBuildFile; fileRef = F7A880681FCFAA73001A540C /* PeopleFromLabelVC.swift */; };
		F7B91B181FD24FA300A151F4 /* SelectPeopleForNewLabelTableViewController.swift in Sources */ = {isa = PBXBuildFile; fileRef = F7B91B111FD24FA300A151F4 /* SelectPeopleForNewLabelTableViewController.swift */; };
/* End PBXBuildFile section */

/* Begin PBXContainerItemProxy section */
		F7563BC01F9A9BF90046AC3E /* PBXContainerItemProxy */ = {
			isa = PBXContainerItemProxy;
			containerPortal = F7563BA31F9A9BF90046AC3E /* Project object */;
			proxyType = 1;
			remoteGlobalIDString = F7563BAA1F9A9BF90046AC3E;
			remoteInfo = PPal;
		};
		F7563BCB1F9A9BF90046AC3E /* PBXContainerItemProxy */ = {
			isa = PBXContainerItemProxy;
			containerPortal = F7563BA31F9A9BF90046AC3E /* Project object */;
			proxyType = 1;
			remoteGlobalIDString = F7563BAA1F9A9BF90046AC3E;
			remoteInfo = PPal;
		};
		F75D81D21FAE7C630071F47F /* PBXContainerItemProxy */ = {
			isa = PBXContainerItemProxy;
			containerPortal = F75D81C81FAE7C630071F47F /* SQLite.xcodeproj */;
			proxyType = 2;
			remoteGlobalIDString = EE247AD31C3F04ED00AE3E12;
			remoteInfo = "SQLite iOS";
		};
		F75D81D41FAE7C630071F47F /* PBXContainerItemProxy */ = {
			isa = PBXContainerItemProxy;
			containerPortal = F75D81C81FAE7C630071F47F /* SQLite.xcodeproj */;
			proxyType = 2;
			remoteGlobalIDString = EE247ADD1C3F04ED00AE3E12;
			remoteInfo = "SQLiteTests iOS";
		};
		F75D81D61FAE7C630071F47F /* PBXContainerItemProxy */ = {
			isa = PBXContainerItemProxy;
			containerPortal = F75D81C81FAE7C630071F47F /* SQLite.xcodeproj */;
			proxyType = 2;
			remoteGlobalIDString = EE247B3C1C3F3ED000AE3E12;
			remoteInfo = "SQLite Mac";
		};
		F75D81D81FAE7C630071F47F /* PBXContainerItemProxy */ = {
			isa = PBXContainerItemProxy;
			containerPortal = F75D81C81FAE7C630071F47F /* SQLite.xcodeproj */;
			proxyType = 2;
			remoteGlobalIDString = EE247B451C3F3ED000AE3E12;
			remoteInfo = "SQLiteTests Mac";
		};
		F75D81DA1FAE7C630071F47F /* PBXContainerItemProxy */ = {
			isa = PBXContainerItemProxy;
			containerPortal = F75D81C81FAE7C630071F47F /* SQLite.xcodeproj */;
			proxyType = 2;
			remoteGlobalIDString = 03A65E5A1C6BB0F50062603F;
			remoteInfo = "SQLite tvOS";
		};
		F75D81DC1FAE7C630071F47F /* PBXContainerItemProxy */ = {
			isa = PBXContainerItemProxy;
			containerPortal = F75D81C81FAE7C630071F47F /* SQLite.xcodeproj */;
			proxyType = 2;
			remoteGlobalIDString = 03A65E631C6BB0F60062603F;
			remoteInfo = "SQLiteTests tvOS";
		};
		F75D81DE1FAE7C630071F47F /* PBXContainerItemProxy */ = {
			isa = PBXContainerItemProxy;
			containerPortal = F75D81C81FAE7C630071F47F /* SQLite.xcodeproj */;
			proxyType = 2;
			remoteGlobalIDString = A121AC451CA35C79005A31D1;
			remoteInfo = "SQLite watchOS";
		};
		F75D81E31FAE7C740071F47F /* PBXContainerItemProxy */ = {
			isa = PBXContainerItemProxy;
			containerPortal = F75D81C81FAE7C630071F47F /* SQLite.xcodeproj */;
			proxyType = 1;
			remoteGlobalIDString = EE247AD21C3F04ED00AE3E12;
			remoteInfo = "SQLite iOS";
		};
/* End PBXContainerItemProxy section */

/* Begin PBXCopyFilesBuildPhase section */
		F75D81E51FAE7C740071F47F /* Embed Frameworks */ = {
			isa = PBXCopyFilesBuildPhase;
			buildActionMask = 2147483647;
			dstPath = "";
			dstSubfolderSpec = 10;
			files = (
				F75D81E21FAE7C740071F47F /* SQLite.framework in Embed Frameworks */,
			);
			name = "Embed Frameworks";
			runOnlyForDeploymentPostprocessing = 0;
		};
/* End PBXCopyFilesBuildPhase section */

/* Begin PBXFileReference section */
		46BBC2BC1FAEB2D9005B0710 /* MapKit.framework */ = {isa = PBXFileReference; lastKnownFileType = wrapper.framework; name = MapKit.framework; path = System/Library/Frameworks/MapKit.framework; sourceTree = SDKROOT; };
		46BBC2C11FAEE0A3005B0710 /* EmergencySettingsVC.swift */ = {isa = PBXFileReference; lastKnownFileType = sourcecode.swift; path = EmergencySettingsVC.swift; sourceTree = "<group>"; };
		6D1E1E801FB020DB0055C01A /* LabelTest.swift */ = {isa = PBXFileReference; fileEncoding = 4; lastKnownFileType = sourcecode.swift; path = LabelTest.swift; sourceTree = "<group>"; };
		6D1E1E811FB020DB0055C01A /* PeopleBankTest.swift */ = {isa = PBXFileReference; fileEncoding = 4; lastKnownFileType = sourcecode.swift; path = PeopleBankTest.swift; sourceTree = "<group>"; };
		6D1E1E821FB020DB0055C01A /* PersonLabelTest.swift */ = {isa = PBXFileReference; fileEncoding = 4; lastKnownFileType = sourcecode.swift; path = PersonLabelTest.swift; sourceTree = "<group>"; };
		6D1E1E831FB020DB0055C01A /* DatabaseTest.swift */ = {isa = PBXFileReference; fileEncoding = 4; lastKnownFileType = sourcecode.swift; path = DatabaseTest.swift; sourceTree = "<group>"; };
		6D1E1E841FB020DB0055C01A /* PersonTest.swift */ = {isa = PBXFileReference; fileEncoding = 4; lastKnownFileType = sourcecode.swift; path = PersonTest.swift; sourceTree = "<group>"; };
		6D3A00041FAFA469004141E5 /* XLabelsTableViewController.swift */ = {isa = PBXFileReference; lastKnownFileType = sourcecode.swift; path = XLabelsTableViewController.swift; sourceTree = "<group>"; };
		6D4E9A181FCA2ED300880697 /* QuizListTableViewController.swift */ = {isa = PBXFileReference; lastKnownFileType = sourcecode.swift; path = QuizListTableViewController.swift; sourceTree = "<group>"; };
		6D4E9A1A1FCA382900880697 /* QuizListTableViewCell.swift */ = {isa = PBXFileReference; lastKnownFileType = sourcecode.swift; path = QuizListTableViewCell.swift; sourceTree = "<group>"; };
		6D4E9A1E1FCA522F00880697 /* QuestionListTableViewController.swift */ = {isa = PBXFileReference; lastKnownFileType = sourcecode.swift; path = QuestionListTableViewController.swift; sourceTree = "<group>"; };
		6D4E9A201FCA52C700880697 /* QuestionListTableViewCell.swift */ = {isa = PBXFileReference; lastKnownFileType = sourcecode.swift; path = QuestionListTableViewCell.swift; sourceTree = "<group>"; };
		717749B61FA8061800C33286 /* HumanNetworkVC.swift */ = {isa = PBXFileReference; lastKnownFileType = sourcecode.swift; path = HumanNetworkVC.swift; sourceTree = "<group>"; };
		BB0BC7E51FD0BD1700148E6D /* EditQuestionsVC.swift */ = {isa = PBXFileReference; lastKnownFileType = sourcecode.swift; path = EditQuestionsVC.swift; sourceTree = "<group>"; };
		BBA2E1C41FAC0C99008DF6D2 /* CreateUserProfileVC.swift */ = {isa = PBXFileReference; lastKnownFileType = sourcecode.swift; path = CreateUserProfileVC.swift; sourceTree = "<group>"; };
		D343E0F61FB3A47900151675 /* MainQuizPageVC.swift */ = {isa = PBXFileReference; lastKnownFileType = sourcecode.swift; path = MainQuizPageVC.swift; sourceTree = "<group>"; };
		D343E0FE1FB3AABC00151675 /* MainScreenVC.swift */ = {isa = PBXFileReference; lastKnownFileType = sourcecode.swift; path = MainScreenVC.swift; sourceTree = "<group>"; };
		D3D234AF1FA96C1300E5D683 /* AddContactVC.swift */ = {isa = PBXFileReference; fileEncoding = 4; lastKnownFileType = sourcecode.swift; path = AddContactVC.swift; sourceTree = "<group>"; };
		EB41F8FB1FBBC74F00D7E25D /* PlayQuizVC.swift */ = {isa = PBXFileReference; lastKnownFileType = sourcecode.swift; path = PlayQuizVC.swift; sourceTree = "<group>"; };
		EB41F9031FBBDC1400D7E25D /* EndQuizVC.swift */ = {isa = PBXFileReference; lastKnownFileType = sourcecode.swift; path = EndQuizVC.swift; sourceTree = "<group>"; };
		F7563BAB1F9A9BF90046AC3E /* PPal.app */ = {isa = PBXFileReference; explicitFileType = wrapper.application; includeInIndex = 0; path = PPal.app; sourceTree = BUILT_PRODUCTS_DIR; };
		F7563BAE1F9A9BF90046AC3E /* AppDelegate.swift */ = {isa = PBXFileReference; lastKnownFileType = sourcecode.swift; path = AppDelegate.swift; sourceTree = "<group>"; };
		F7563BB01F9A9BF90046AC3E /* ViewController.swift */ = {isa = PBXFileReference; lastKnownFileType = sourcecode.swift; path = ViewController.swift; sourceTree = "<group>"; };
		F7563BB31F9A9BF90046AC3E /* Base */ = {isa = PBXFileReference; lastKnownFileType = file.storyboard; name = Base; path = Base.lproj/Main.storyboard; sourceTree = "<group>"; };
		F7563BB51F9A9BF90046AC3E /* Assets.xcassets */ = {isa = PBXFileReference; lastKnownFileType = folder.assetcatalog; path = Assets.xcassets; sourceTree = "<group>"; };
		F7563BB81F9A9BF90046AC3E /* Base */ = {isa = PBXFileReference; lastKnownFileType = file.storyboard; name = Base; path = Base.lproj/LaunchScreen.storyboard; sourceTree = "<group>"; };
		F7563BBA1F9A9BF90046AC3E /* Info.plist */ = {isa = PBXFileReference; lastKnownFileType = text.plist.xml; path = Info.plist; sourceTree = "<group>"; };
		F7563BBF1F9A9BF90046AC3E /* PPalTests.xctest */ = {isa = PBXFileReference; explicitFileType = wrapper.cfbundle; includeInIndex = 0; path = PPalTests.xctest; sourceTree = BUILT_PRODUCTS_DIR; };
		F7563BC51F9A9BF90046AC3E /* Info.plist */ = {isa = PBXFileReference; lastKnownFileType = text.plist.xml; path = Info.plist; sourceTree = "<group>"; };
		F7563BCA1F9A9BF90046AC3E /* PPalUITests.xctest */ = {isa = PBXFileReference; explicitFileType = wrapper.cfbundle; includeInIndex = 0; path = PPalUITests.xctest; sourceTree = BUILT_PRODUCTS_DIR; };
		F7563BCE1F9A9BF90046AC3E /* PPalUITests.swift */ = {isa = PBXFileReference; lastKnownFileType = sourcecode.swift; path = PPalUITests.swift; sourceTree = "<group>"; };
		F7563BD01F9A9BF90046AC3E /* Info.plist */ = {isa = PBXFileReference; lastKnownFileType = text.plist.xml; path = Info.plist; sourceTree = "<group>"; };
		F7563BDD1F9A9C230046AC3E /* libsqlite3.tbd */ = {isa = PBXFileReference; lastKnownFileType = "sourcecode.text-based-dylib-definition"; name = libsqlite3.tbd; path = usr/lib/libsqlite3.tbd; sourceTree = SDKROOT; };
		F75D1C401FBFE0B5005402B5 /* DataPopulation.swift */ = {isa = PBXFileReference; lastKnownFileType = sourcecode.swift; path = DataPopulation.swift; sourceTree = "<group>"; };
		F75D81C81FAE7C630071F47F /* SQLite.xcodeproj */ = {isa = PBXFileReference; lastKnownFileType = "wrapper.pb-project"; name = SQLite.xcodeproj; path = "SQLite.swift-master/SQLite.xcodeproj"; sourceTree = "<group>"; };
		F75D82041FAE7F570071F47F /* PersonTableViewController.swift */ = {isa = PBXFileReference; fileEncoding = 4; lastKnownFileType = sourcecode.swift; path = PersonTableViewController.swift; sourceTree = "<group>"; };
		F75D82051FAE7F570071F47F /* LabelTableViewCell.swift */ = {isa = PBXFileReference; fileEncoding = 4; lastKnownFileType = sourcecode.swift; path = LabelTableViewCell.swift; sourceTree = "<group>"; };
		F75D82061FAE7F570071F47F /* PersonTableViewCell.swift */ = {isa = PBXFileReference; fileEncoding = 4; lastKnownFileType = sourcecode.swift; path = PersonTableViewCell.swift; sourceTree = "<group>"; };
		F75D82071FAE7F570071F47F /* AddLabelTableViewController.swift */ = {isa = PBXFileReference; fileEncoding = 4; lastKnownFileType = sourcecode.swift; path = AddLabelTableViewController.swift; sourceTree = "<group>"; };
		F75D82251FAE9B6D0071F47F /* Emergency.swift */ = {isa = PBXFileReference; lastKnownFileType = sourcecode.swift; path = Emergency.swift; sourceTree = "<group>"; };
		F76842701FBE4B53004EB264 /* QuizBank.swift */ = {isa = PBXFileReference; fileEncoding = 4; lastKnownFileType = sourcecode.swift; name = QuizBank.swift; path = PPal/Models/QuizBank.swift; sourceTree = SOURCE_ROOT; };
		F76842711FBE4B53004EB264 /* Question.swift */ = {isa = PBXFileReference; fileEncoding = 4; lastKnownFileType = sourcecode.swift; name = Question.swift; path = PPal/Models/Question.swift; sourceTree = SOURCE_ROOT; };
		F76842721FBE4B53004EB264 /* Choice.swift */ = {isa = PBXFileReference; fileEncoding = 4; lastKnownFileType = sourcecode.swift; name = Choice.swift; path = PPal/Models/Choice.swift; sourceTree = SOURCE_ROOT; };
		F76842731FBE4B53004EB264 /* Database.swift */ = {isa = PBXFileReference; fileEncoding = 4; lastKnownFileType = sourcecode.swift; name = Database.swift; path = PPal/Models/Database.swift; sourceTree = SOURCE_ROOT; };
		F76842741FBE4B53004EB264 /* Label.swift */ = {isa = PBXFileReference; fileEncoding = 4; lastKnownFileType = sourcecode.swift; name = Label.swift; path = PPal/Models/Label.swift; sourceTree = SOURCE_ROOT; };
		F76842751FBE4B53004EB264 /* Quiz.swift */ = {isa = PBXFileReference; fileEncoding = 4; lastKnownFileType = sourcecode.swift; name = Quiz.swift; path = PPal/Models/Quiz.swift; sourceTree = SOURCE_ROOT; };
		F76842761FBE4B53004EB264 /* UIImage.swift */ = {isa = PBXFileReference; fileEncoding = 4; lastKnownFileType = sourcecode.swift; name = UIImage.swift; path = PPal/Models/UIImage.swift; sourceTree = SOURCE_ROOT; };
		F76842771FBE4B53004EB264 /* Person.swift */ = {isa = PBXFileReference; fileEncoding = 4; lastKnownFileType = sourcecode.swift; name = Person.swift; path = PPal/Models/Person.swift; sourceTree = SOURCE_ROOT; };
		F76842781FBE4B53004EB264 /* String.swift */ = {isa = PBXFileReference; fileEncoding = 4; lastKnownFileType = sourcecode.swift; name = String.swift; path = PPal/Models/String.swift; sourceTree = SOURCE_ROOT; };
		F76842791FBE4B53004EB264 /* PeopleBank.swift */ = {isa = PBXFileReference; fileEncoding = 4; lastKnownFileType = sourcecode.swift; name = PeopleBank.swift; path = PPal/Models/PeopleBank.swift; sourceTree = SOURCE_ROOT; };
		F7A880681FCFAA73001A540C /* PeopleFromLabelVC.swift */ = {isa = PBXFileReference; fileEncoding = 4; lastKnownFileType = sourcecode.swift; path = PeopleFromLabelVC.swift; sourceTree = "<group>"; };
		F7B91B111FD24FA300A151F4 /* SelectPeopleForNewLabelTableViewController.swift */ = {isa = PBXFileReference; fileEncoding = 4; lastKnownFileType = sourcecode.swift; path = SelectPeopleForNewLabelTableViewController.swift; sourceTree = "<group>"; };
/* End PBXFileReference section */

/* Begin PBXFrameworksBuildPhase section */
		F7563BA81F9A9BF90046AC3E /* Frameworks */ = {
			isa = PBXFrameworksBuildPhase;
			buildActionMask = 2147483647;
			files = (
				F75D81E01FAE7C6F0071F47F /* SQLite.framework in Frameworks */,
				F7563BDE1F9A9C230046AC3E /* libsqlite3.tbd in Frameworks */,
				F75D81E11FAE7C740071F47F /* SQLite.framework in Frameworks */,
			);
			runOnlyForDeploymentPostprocessing = 0;
		};
		F7563BBC1F9A9BF90046AC3E /* Frameworks */ = {
			isa = PBXFrameworksBuildPhase;
			buildActionMask = 2147483647;
			files = (
			);
			runOnlyForDeploymentPostprocessing = 0;
		};
		F7563BC71F9A9BF90046AC3E /* Frameworks */ = {
			isa = PBXFrameworksBuildPhase;
			buildActionMask = 2147483647;
			files = (
			);
			runOnlyForDeploymentPostprocessing = 0;
		};
/* End PBXFrameworksBuildPhase section */

/* Begin PBXGroup section */
		F7563BA21F9A9BF90046AC3E = {
			isa = PBXGroup;
			children = (
				F7563BAD1F9A9BF90046AC3E /* PPal */,
				F7563BC21F9A9BF90046AC3E /* PPalTests */,
				F7563BCD1F9A9BF90046AC3E /* PPalUITests */,
				F7563BAC1F9A9BF90046AC3E /* Products */,
				F7563BDC1F9A9C230046AC3E /* Frameworks */,
			);
			sourceTree = "<group>";
		};
		F7563BAC1F9A9BF90046AC3E /* Products */ = {
			isa = PBXGroup;
			children = (
				F7563BAB1F9A9BF90046AC3E /* PPal.app */,
				F7563BBF1F9A9BF90046AC3E /* PPalTests.xctest */,
				F7563BCA1F9A9BF90046AC3E /* PPalUITests.xctest */,
			);
			name = Products;
			sourceTree = "<group>";
		};
		F7563BAD1F9A9BF90046AC3E /* PPal */ = {
			isa = PBXGroup;
			children = (
				F7A880671FCF9B34001A540C /* Table View Cells */,
				F7A880601FCF9B0C001A540C /* View Controllers */,
				F768426F1FBE4B3F004EB264 /* Models */,
				F75D82251FAE9B6D0071F47F /* Emergency.swift */,
				F7563BAE1F9A9BF90046AC3E /* AppDelegate.swift */,
				F7563BB21F9A9BF90046AC3E /* Main.storyboard */,
				F7563BB51F9A9BF90046AC3E /* Assets.xcassets */,
				F7563BB71F9A9BF90046AC3E /* LaunchScreen.storyboard */,
				F7563BBA1F9A9BF90046AC3E /* Info.plist */,
			);
			path = PPal;
			sourceTree = "<group>";
		};
		F7563BC21F9A9BF90046AC3E /* PPalTests */ = {
			isa = PBXGroup;
			children = (
				6D1E1E831FB020DB0055C01A /* DatabaseTest.swift */,
				F75D1C401FBFE0B5005402B5 /* DataPopulation.swift */,
				6D1E1E801FB020DB0055C01A /* LabelTest.swift */,
				6D1E1E811FB020DB0055C01A /* PeopleBankTest.swift */,
				6D1E1E821FB020DB0055C01A /* PersonLabelTest.swift */,
				6D1E1E841FB020DB0055C01A /* PersonTest.swift */,
				F7563BC51F9A9BF90046AC3E /* Info.plist */,
			);
			path = PPalTests;
			sourceTree = "<group>";
		};
		F7563BCD1F9A9BF90046AC3E /* PPalUITests */ = {
			isa = PBXGroup;
			children = (
				F7563BCE1F9A9BF90046AC3E /* PPalUITests.swift */,
				F7563BD01F9A9BF90046AC3E /* Info.plist */,
			);
			path = PPalUITests;
			sourceTree = "<group>";
		};
		F7563BDC1F9A9C230046AC3E /* Frameworks */ = {
			isa = PBXGroup;
			children = (
				46BBC2BC1FAEB2D9005B0710 /* MapKit.framework */,
				F75D81C81FAE7C630071F47F /* SQLite.xcodeproj */,
				F7563BDD1F9A9C230046AC3E /* libsqlite3.tbd */,
			);
			name = Frameworks;
			sourceTree = "<group>";
		};
		F75D81C91FAE7C630071F47F /* Products */ = {
			isa = PBXGroup;
			children = (
				F75D81D31FAE7C630071F47F /* SQLite.framework */,
				F75D81D51FAE7C630071F47F /* SQLiteTests iOS.xctest */,
				F75D81D71FAE7C630071F47F /* SQLite.framework */,
				F75D81D91FAE7C630071F47F /* SQLiteTests Mac.xctest */,
				F75D81DB1FAE7C630071F47F /* SQLite.framework */,
				F75D81DD1FAE7C630071F47F /* SQLiteTests tvOS.xctest */,
				F75D81DF1FAE7C630071F47F /* SQLite.framework */,
			);
			name = Products;
			sourceTree = "<group>";
		};
		F768426F1FBE4B3F004EB264 /* Models */ = {
			isa = PBXGroup;
			children = (
				F76842721FBE4B53004EB264 /* Choice.swift */,
				F76842731FBE4B53004EB264 /* Database.swift */,
				F76842741FBE4B53004EB264 /* Label.swift */,
				F76842791FBE4B53004EB264 /* PeopleBank.swift */,
				F76842771FBE4B53004EB264 /* Person.swift */,
				F76842711FBE4B53004EB264 /* Question.swift */,
				F76842751FBE4B53004EB264 /* Quiz.swift */,
				F76842701FBE4B53004EB264 /* QuizBank.swift */,
				F76842781FBE4B53004EB264 /* String.swift */,
				F76842761FBE4B53004EB264 /* UIImage.swift */,
			);
			name = Models;
			path = "New Group";
			sourceTree = "<group>";
		};
		F7A880601FCF9B0C001A540C /* View Controllers */ = {
			isa = PBXGroup;
			children = (
				D3D234AF1FA96C1300E5D683 /* AddContactVC.swift */,
				F75D82071FAE7F570071F47F /* AddLabelTableViewController.swift */,
				BBA2E1C41FAC0C99008DF6D2 /* CreateUserProfileVC.swift */,
				46BBC2C11FAEE0A3005B0710 /* EmergencySettingsVC.swift */,
				EB41F9031FBBDC1400D7E25D /* EndQuizVC.swift */,
				717749B61FA8061800C33286 /* HumanNetworkVC.swift */,
				D343E0F61FB3A47900151675 /* MainQuizPageVC.swift */,
				D343E0FE1FB3AABC00151675 /* MainScreenVC.swift */,
				F7A880681FCFAA73001A540C /* PeopleFromLabelVC.swift */,
				F75D82041FAE7F570071F47F /* PersonTableViewController.swift */,
				EB41F8FB1FBBC74F00D7E25D /* PlayQuizVC.swift */,
				6D4E9A1E1FCA522F00880697 /* QuestionListTableViewController.swift */,
				6D4E9A181FCA2ED300880697 /* QuizListTableViewController.swift */,
				F7B91B111FD24FA300A151F4 /* SelectPeopleForNewLabelTableViewController.swift */,
				F7563BB01F9A9BF90046AC3E /* ViewController.swift */,
				6D3A00041FAFA469004141E5 /* XLabelsTableViewController.swift */,
				BB0BC7E51FD0BD1700148E6D /* EditQuestionsVC.swift */,
			);
			path = "View Controllers";
			sourceTree = "<group>";
		};
		F7A880671FCF9B34001A540C /* Table View Cells */ = {
			isa = PBXGroup;
			children = (
				F75D82051FAE7F570071F47F /* LabelTableViewCell.swift */,
				F75D82061FAE7F570071F47F /* PersonTableViewCell.swift */,
				6D4E9A201FCA52C700880697 /* QuestionListTableViewCell.swift */,
				6D4E9A1A1FCA382900880697 /* QuizListTableViewCell.swift */,
			);
			path = "Table View Cells";
			sourceTree = "<group>";
		};
/* End PBXGroup section */

/* Begin PBXNativeTarget section */
		F7563BAA1F9A9BF90046AC3E /* PPal */ = {
			isa = PBXNativeTarget;
			buildConfigurationList = F7563BD31F9A9BF90046AC3E /* Build configuration list for PBXNativeTarget "PPal" */;
			buildPhases = (
				F7563BA71F9A9BF90046AC3E /* Sources */,
				F7563BA81F9A9BF90046AC3E /* Frameworks */,
				F7563BA91F9A9BF90046AC3E /* Resources */,
				F75D81E51FAE7C740071F47F /* Embed Frameworks */,
			);
			buildRules = (
			);
			dependencies = (
				F75D81E41FAE7C740071F47F /* PBXTargetDependency */,
			);
			name = PPal;
			productName = PPal;
			productReference = F7563BAB1F9A9BF90046AC3E /* PPal.app */;
			productType = "com.apple.product-type.application";
		};
		F7563BBE1F9A9BF90046AC3E /* PPalTests */ = {
			isa = PBXNativeTarget;
			buildConfigurationList = F7563BD61F9A9BF90046AC3E /* Build configuration list for PBXNativeTarget "PPalTests" */;
			buildPhases = (
				F7563BBB1F9A9BF90046AC3E /* Sources */,
				F7563BBC1F9A9BF90046AC3E /* Frameworks */,
				F7563BBD1F9A9BF90046AC3E /* Resources */,
			);
			buildRules = (
			);
			dependencies = (
				F7563BC11F9A9BF90046AC3E /* PBXTargetDependency */,
			);
			name = PPalTests;
			productName = PPalTests;
			productReference = F7563BBF1F9A9BF90046AC3E /* PPalTests.xctest */;
			productType = "com.apple.product-type.bundle.unit-test";
		};
		F7563BC91F9A9BF90046AC3E /* PPalUITests */ = {
			isa = PBXNativeTarget;
			buildConfigurationList = F7563BD91F9A9BF90046AC3E /* Build configuration list for PBXNativeTarget "PPalUITests" */;
			buildPhases = (
				F7563BC61F9A9BF90046AC3E /* Sources */,
				F7563BC71F9A9BF90046AC3E /* Frameworks */,
				F7563BC81F9A9BF90046AC3E /* Resources */,
			);
			buildRules = (
			);
			dependencies = (
				F7563BCC1F9A9BF90046AC3E /* PBXTargetDependency */,
			);
			name = PPalUITests;
			productName = PPalUITests;
			productReference = F7563BCA1F9A9BF90046AC3E /* PPalUITests.xctest */;
			productType = "com.apple.product-type.bundle.ui-testing";
		};
/* End PBXNativeTarget section */

/* Begin PBXProject section */
		F7563BA31F9A9BF90046AC3E /* Project object */ = {
			isa = PBXProject;
			attributes = {
				LastSwiftUpdateCheck = 0820;
				LastUpgradeCheck = 0900;
				ORGANIZATIONNAME = CMPT275;
				TargetAttributes = {
					F7563BAA1F9A9BF90046AC3E = {
						CreatedOnToolsVersion = 8.2.1;
						DevelopmentTeam = FJ4RVNXQ3A;
						LastSwiftMigration = 0900;
						ProvisioningStyle = Automatic;
						SystemCapabilities = {
							com.apple.BackgroundModes = {
								enabled = 1;
							};
						};
					};
					F7563BBE1F9A9BF90046AC3E = {
						CreatedOnToolsVersion = 8.2.1;
						DevelopmentTeam = FJ4RVNXQ3A;
						LastSwiftMigration = 0900;
						ProvisioningStyle = Automatic;
						TestTargetID = F7563BAA1F9A9BF90046AC3E;
					};
					F7563BC91F9A9BF90046AC3E = {
						CreatedOnToolsVersion = 8.2.1;
						DevelopmentTeam = FJ4RVNXQ3A;
						LastSwiftMigration = 0900;
						ProvisioningStyle = Automatic;
						TestTargetID = F7563BAA1F9A9BF90046AC3E;
					};
				};
			};
			buildConfigurationList = F7563BA61F9A9BF90046AC3E /* Build configuration list for PBXProject "PPal" */;
			compatibilityVersion = "Xcode 3.2";
			developmentRegion = English;
			hasScannedForEncodings = 0;
			knownRegions = (
				en,
				Base,
			);
			mainGroup = F7563BA21F9A9BF90046AC3E;
			productRefGroup = F7563BAC1F9A9BF90046AC3E /* Products */;
			projectDirPath = "";
			projectReferences = (
				{
					ProductGroup = F75D81C91FAE7C630071F47F /* Products */;
					ProjectRef = F75D81C81FAE7C630071F47F /* SQLite.xcodeproj */;
				},
			);
			projectRoot = "";
			targets = (
				F7563BAA1F9A9BF90046AC3E /* PPal */,
				F7563BBE1F9A9BF90046AC3E /* PPalTests */,
				F7563BC91F9A9BF90046AC3E /* PPalUITests */,
			);
		};
/* End PBXProject section */

/* Begin PBXReferenceProxy section */
		F75D81D31FAE7C630071F47F /* SQLite.framework */ = {
			isa = PBXReferenceProxy;
			fileType = wrapper.framework;
			path = SQLite.framework;
			remoteRef = F75D81D21FAE7C630071F47F /* PBXContainerItemProxy */;
			sourceTree = BUILT_PRODUCTS_DIR;
		};
		F75D81D51FAE7C630071F47F /* SQLiteTests iOS.xctest */ = {
			isa = PBXReferenceProxy;
			fileType = wrapper.cfbundle;
			path = "SQLiteTests iOS.xctest";
			remoteRef = F75D81D41FAE7C630071F47F /* PBXContainerItemProxy */;
			sourceTree = BUILT_PRODUCTS_DIR;
		};
		F75D81D71FAE7C630071F47F /* SQLite.framework */ = {
			isa = PBXReferenceProxy;
			fileType = wrapper.framework;
			path = SQLite.framework;
			remoteRef = F75D81D61FAE7C630071F47F /* PBXContainerItemProxy */;
			sourceTree = BUILT_PRODUCTS_DIR;
		};
		F75D81D91FAE7C630071F47F /* SQLiteTests Mac.xctest */ = {
			isa = PBXReferenceProxy;
			fileType = wrapper.cfbundle;
			path = "SQLiteTests Mac.xctest";
			remoteRef = F75D81D81FAE7C630071F47F /* PBXContainerItemProxy */;
			sourceTree = BUILT_PRODUCTS_DIR;
		};
		F75D81DB1FAE7C630071F47F /* SQLite.framework */ = {
			isa = PBXReferenceProxy;
			fileType = wrapper.framework;
			path = SQLite.framework;
			remoteRef = F75D81DA1FAE7C630071F47F /* PBXContainerItemProxy */;
			sourceTree = BUILT_PRODUCTS_DIR;
		};
		F75D81DD1FAE7C630071F47F /* SQLiteTests tvOS.xctest */ = {
			isa = PBXReferenceProxy;
			fileType = wrapper.cfbundle;
			path = "SQLiteTests tvOS.xctest";
			remoteRef = F75D81DC1FAE7C630071F47F /* PBXContainerItemProxy */;
			sourceTree = BUILT_PRODUCTS_DIR;
		};
		F75D81DF1FAE7C630071F47F /* SQLite.framework */ = {
			isa = PBXReferenceProxy;
			fileType = wrapper.framework;
			path = SQLite.framework;
			remoteRef = F75D81DE1FAE7C630071F47F /* PBXContainerItemProxy */;
			sourceTree = BUILT_PRODUCTS_DIR;
		};
/* End PBXReferenceProxy section */

/* Begin PBXResourcesBuildPhase section */
		F7563BA91F9A9BF90046AC3E /* Resources */ = {
			isa = PBXResourcesBuildPhase;
			buildActionMask = 2147483647;
			files = (
				F7563BB91F9A9BF90046AC3E /* LaunchScreen.storyboard in Resources */,
				F7563BB61F9A9BF90046AC3E /* Assets.xcassets in Resources */,
				F7563BB41F9A9BF90046AC3E /* Main.storyboard in Resources */,
			);
			runOnlyForDeploymentPostprocessing = 0;
		};
		F7563BBD1F9A9BF90046AC3E /* Resources */ = {
			isa = PBXResourcesBuildPhase;
			buildActionMask = 2147483647;
			files = (
			);
			runOnlyForDeploymentPostprocessing = 0;
		};
		F7563BC81F9A9BF90046AC3E /* Resources */ = {
			isa = PBXResourcesBuildPhase;
			buildActionMask = 2147483647;
			files = (
			);
			runOnlyForDeploymentPostprocessing = 0;
		};
/* End PBXResourcesBuildPhase section */

/* Begin PBXSourcesBuildPhase section */
		F7563BA71F9A9BF90046AC3E /* Sources */ = {
			isa = PBXSourcesBuildPhase;
			buildActionMask = 2147483647;
			files = (
				F7563BB11F9A9BF90046AC3E /* ViewController.swift in Sources */,
				D343E0FF1FB3AABC00151675 /* MainScreenVC.swift in Sources */,
				6D4E9A1B1FCA382900880697 /* QuizListTableViewCell.swift in Sources */,
				6D3A00051FAFA469004141E5 /* XLabelsTableViewController.swift in Sources */,
				F768427B1FBE4B53004EB264 /* Question.swift in Sources */,
				F76842831FBE4B53004EB264 /* PeopleBank.swift in Sources */,
				BBA2E1C51FAC0C99008DF6D2 /* CreateUserProfileVC.swift in Sources */,
				6D4E9A191FCA2ED300880697 /* QuizListTableViewController.swift in Sources */,
				F768427E1FBE4B53004EB264 /* Label.swift in Sources */,
				F76842811FBE4B53004EB264 /* Person.swift in Sources */,
				D3D234B01FA96C1300E5D683 /* AddContactVC.swift in Sources */,
				F7B91B181FD24FA300A151F4 /* SelectPeopleForNewLabelTableViewController.swift in Sources */,
				717749B71FA8061800C33286 /* HumanNetworkVC.swift in Sources */,
				F75D82081FAE7F580071F47F /* PersonTableViewController.swift in Sources */,
				F768427A1FBE4B53004EB264 /* QuizBank.swift in Sources */,
				D343E0F71FB3A47900151675 /* MainQuizPageVC.swift in Sources */,
				F768427C1FBE4B53004EB264 /* Choice.swift in Sources */,
				F75D82091FAE7F580071F47F /* LabelTableViewCell.swift in Sources */,
				6D4E9A1F1FCA522F00880697 /* QuestionListTableViewController.swift in Sources */,
				F75D820A1FAE7F580071F47F /* PersonTableViewCell.swift in Sources */,
				F7563BAF1F9A9BF90046AC3E /* AppDelegate.swift in Sources */,
				EB41F8FC1FBBC74F00D7E25D /* PlayQuizVC.swift in Sources */,
				F76842821FBE4B53004EB264 /* String.swift in Sources */,
				EB41F9041FBBDC1400D7E25D /* EndQuizVC.swift in Sources */,
				46BBC2C21FAEE0A3005B0710 /* EmergencySettingsVC.swift in Sources */,
				F768427F1FBE4B53004EB264 /* Quiz.swift in Sources */,
				F76842801FBE4B53004EB264 /* UIImage.swift in Sources */,
				BB0BC7E61FD0BD1700148E6D /* EditQuestionsVC.swift in Sources */,
				F75D820B1FAE7F580071F47F /* AddLabelTableViewController.swift in Sources */,
				F7A880691FCFAA74001A540C /* PeopleFromLabelVC.swift in Sources */,
				F768427D1FBE4B53004EB264 /* Database.swift in Sources */,
				F75D82261FAE9B6D0071F47F /* Emergency.swift in Sources */,
				6D4E9A211FCA52C700880697 /* QuestionListTableViewCell.swift in Sources */,
			);
			runOnlyForDeploymentPostprocessing = 0;
		};
		F7563BBB1F9A9BF90046AC3E /* Sources */ = {
			isa = PBXSourcesBuildPhase;
			buildActionMask = 2147483647;
			files = (
				6D1E1E871FB020DB0055C01A /* PersonLabelTest.swift in Sources */,
				6D1E1E861FB020DB0055C01A /* PeopleBankTest.swift in Sources */,
				6D1E1E881FB020DB0055C01A /* DatabaseTest.swift in Sources */,
				6D1E1E891FB020DB0055C01A /* PersonTest.swift in Sources */,
				F75D1C411FBFE0B5005402B5 /* DataPopulation.swift in Sources */,
				6D1E1E851FB020DB0055C01A /* LabelTest.swift in Sources */,
			);
			runOnlyForDeploymentPostprocessing = 0;
		};
		F7563BC61F9A9BF90046AC3E /* Sources */ = {
			isa = PBXSourcesBuildPhase;
			buildActionMask = 2147483647;
			files = (
				F7563BCF1F9A9BF90046AC3E /* PPalUITests.swift in Sources */,
			);
			runOnlyForDeploymentPostprocessing = 0;
		};
/* End PBXSourcesBuildPhase section */

/* Begin PBXTargetDependency section */
		F7563BC11F9A9BF90046AC3E /* PBXTargetDependency */ = {
			isa = PBXTargetDependency;
			target = F7563BAA1F9A9BF90046AC3E /* PPal */;
			targetProxy = F7563BC01F9A9BF90046AC3E /* PBXContainerItemProxy */;
		};
		F7563BCC1F9A9BF90046AC3E /* PBXTargetDependency */ = {
			isa = PBXTargetDependency;
			target = F7563BAA1F9A9BF90046AC3E /* PPal */;
			targetProxy = F7563BCB1F9A9BF90046AC3E /* PBXContainerItemProxy */;
		};
		F75D81E41FAE7C740071F47F /* PBXTargetDependency */ = {
			isa = PBXTargetDependency;
			name = "SQLite iOS";
			targetProxy = F75D81E31FAE7C740071F47F /* PBXContainerItemProxy */;
		};
/* End PBXTargetDependency section */

/* Begin PBXVariantGroup section */
		F7563BB21F9A9BF90046AC3E /* Main.storyboard */ = {
			isa = PBXVariantGroup;
			children = (
				F7563BB31F9A9BF90046AC3E /* Base */,
			);
			name = Main.storyboard;
			sourceTree = "<group>";
		};
		F7563BB71F9A9BF90046AC3E /* LaunchScreen.storyboard */ = {
			isa = PBXVariantGroup;
			children = (
				F7563BB81F9A9BF90046AC3E /* Base */,
			);
			name = LaunchScreen.storyboard;
			sourceTree = "<group>";
		};
/* End PBXVariantGroup section */

/* Begin XCBuildConfiguration section */
		F7563BD11F9A9BF90046AC3E /* Debug */ = {
			isa = XCBuildConfiguration;
			buildSettings = {
				ALWAYS_SEARCH_USER_PATHS = NO;
				CLANG_ANALYZER_NONNULL = YES;
				CLANG_CXX_LANGUAGE_STANDARD = "gnu++0x";
				CLANG_CXX_LIBRARY = "libc++";
				CLANG_ENABLE_MODULES = YES;
				CLANG_ENABLE_OBJC_ARC = YES;
				CLANG_WARN_BLOCK_CAPTURE_AUTORELEASING = YES;
				CLANG_WARN_BOOL_CONVERSION = YES;
				CLANG_WARN_COMMA = YES;
				CLANG_WARN_CONSTANT_CONVERSION = YES;
				CLANG_WARN_DIRECT_OBJC_ISA_USAGE = YES_ERROR;
				CLANG_WARN_DOCUMENTATION_COMMENTS = YES;
				CLANG_WARN_EMPTY_BODY = YES;
				CLANG_WARN_ENUM_CONVERSION = YES;
				CLANG_WARN_INFINITE_RECURSION = YES;
				CLANG_WARN_INT_CONVERSION = YES;
				CLANG_WARN_NON_LITERAL_NULL_CONVERSION = YES;
				CLANG_WARN_OBJC_LITERAL_CONVERSION = YES;
				CLANG_WARN_OBJC_ROOT_CLASS = YES_ERROR;
				CLANG_WARN_RANGE_LOOP_ANALYSIS = YES;
				CLANG_WARN_STRICT_PROTOTYPES = YES;
				CLANG_WARN_SUSPICIOUS_MOVE = YES;
				CLANG_WARN_UNREACHABLE_CODE = YES;
				CLANG_WARN__DUPLICATE_METHOD_MATCH = YES;
				"CODE_SIGN_IDENTITY[sdk=iphoneos*]" = "iPhone Developer";
				COPY_PHASE_STRIP = NO;
				DEBUG_INFORMATION_FORMAT = dwarf;
				ENABLE_STRICT_OBJC_MSGSEND = YES;
				ENABLE_TESTABILITY = YES;
				GCC_C_LANGUAGE_STANDARD = gnu99;
				GCC_DYNAMIC_NO_PIC = NO;
				GCC_NO_COMMON_BLOCKS = YES;
				GCC_OPTIMIZATION_LEVEL = 0;
				GCC_PREPROCESSOR_DEFINITIONS = (
					"DEBUG=1",
					"$(inherited)",
				);
				GCC_WARN_64_TO_32_BIT_CONVERSION = YES;
				GCC_WARN_ABOUT_RETURN_TYPE = YES_ERROR;
				GCC_WARN_UNDECLARED_SELECTOR = YES;
				GCC_WARN_UNINITIALIZED_AUTOS = YES_AGGRESSIVE;
				GCC_WARN_UNUSED_FUNCTION = YES;
				GCC_WARN_UNUSED_VARIABLE = YES;
				IPHONEOS_DEPLOYMENT_TARGET = 11.0;
				MTL_ENABLE_DEBUG_INFO = YES;
				ONLY_ACTIVE_ARCH = YES;
				SDKROOT = iphoneos;
				SWIFT_ACTIVE_COMPILATION_CONDITIONS = DEBUG;
				SWIFT_OPTIMIZATION_LEVEL = "-Onone";
			};
			name = Debug;
		};
		F7563BD21F9A9BF90046AC3E /* Release */ = {
			isa = XCBuildConfiguration;
			buildSettings = {
				ALWAYS_SEARCH_USER_PATHS = NO;
				CLANG_ANALYZER_NONNULL = YES;
				CLANG_CXX_LANGUAGE_STANDARD = "gnu++0x";
				CLANG_CXX_LIBRARY = "libc++";
				CLANG_ENABLE_MODULES = YES;
				CLANG_ENABLE_OBJC_ARC = YES;
				CLANG_WARN_BLOCK_CAPTURE_AUTORELEASING = YES;
				CLANG_WARN_BOOL_CONVERSION = YES;
				CLANG_WARN_COMMA = YES;
				CLANG_WARN_CONSTANT_CONVERSION = YES;
				CLANG_WARN_DIRECT_OBJC_ISA_USAGE = YES_ERROR;
				CLANG_WARN_DOCUMENTATION_COMMENTS = YES;
				CLANG_WARN_EMPTY_BODY = YES;
				CLANG_WARN_ENUM_CONVERSION = YES;
				CLANG_WARN_INFINITE_RECURSION = YES;
				CLANG_WARN_INT_CONVERSION = YES;
				CLANG_WARN_NON_LITERAL_NULL_CONVERSION = YES;
				CLANG_WARN_OBJC_LITERAL_CONVERSION = YES;
				CLANG_WARN_OBJC_ROOT_CLASS = YES_ERROR;
				CLANG_WARN_RANGE_LOOP_ANALYSIS = YES;
				CLANG_WARN_STRICT_PROTOTYPES = YES;
				CLANG_WARN_SUSPICIOUS_MOVE = YES;
				CLANG_WARN_UNREACHABLE_CODE = YES;
				CLANG_WARN__DUPLICATE_METHOD_MATCH = YES;
				"CODE_SIGN_IDENTITY[sdk=iphoneos*]" = "iPhone Developer";
				COPY_PHASE_STRIP = NO;
				DEBUG_INFORMATION_FORMAT = "dwarf-with-dsym";
				ENABLE_NS_ASSERTIONS = NO;
				ENABLE_STRICT_OBJC_MSGSEND = YES;
				GCC_C_LANGUAGE_STANDARD = gnu99;
				GCC_NO_COMMON_BLOCKS = YES;
				GCC_WARN_64_TO_32_BIT_CONVERSION = YES;
				GCC_WARN_ABOUT_RETURN_TYPE = YES_ERROR;
				GCC_WARN_UNDECLARED_SELECTOR = YES;
				GCC_WARN_UNINITIALIZED_AUTOS = YES_AGGRESSIVE;
				GCC_WARN_UNUSED_FUNCTION = YES;
				GCC_WARN_UNUSED_VARIABLE = YES;
				IPHONEOS_DEPLOYMENT_TARGET = 11.0;
				MTL_ENABLE_DEBUG_INFO = NO;
				SDKROOT = iphoneos;
				SWIFT_OPTIMIZATION_LEVEL = "-Owholemodule";
				VALIDATE_PRODUCT = YES;
			};
			name = Release;
		};
		F7563BD41F9A9BF90046AC3E /* Debug */ = {
			isa = XCBuildConfiguration;
			buildSettings = {
				ALWAYS_EMBED_SWIFT_STANDARD_LIBRARIES = YES;
				ASSETCATALOG_COMPILER_APPICON_NAME = AppIcon;
				CLANG_ENABLE_MODULES = YES;
				DEVELOPMENT_TEAM = FJ4RVNXQ3A;
				INFOPLIST_FILE = PPal/Info.plist;
				IPHONEOS_DEPLOYMENT_TARGET = 11.0;
				LD_RUNPATH_SEARCH_PATHS = "$(inherited) @executable_path/Frameworks";
				PRODUCT_BUNDLE_IDENTIFIER = ca.sfu.cmpt275.PPal;
				PRODUCT_NAME = "$(TARGET_NAME)";
				SWIFT_OBJC_BRIDGING_HEADER = "PPal/PPal-Bridging-Header.h";
				SWIFT_OPTIMIZATION_LEVEL = "-Onone";
				SWIFT_VERSION = 4.0;
			};
			name = Debug;
		};
		F7563BD51F9A9BF90046AC3E /* Release */ = {
			isa = XCBuildConfiguration;
			buildSettings = {
				ALWAYS_EMBED_SWIFT_STANDARD_LIBRARIES = YES;
				ASSETCATALOG_COMPILER_APPICON_NAME = AppIcon;
				CLANG_ENABLE_MODULES = YES;
				DEVELOPMENT_TEAM = FJ4RVNXQ3A;
				INFOPLIST_FILE = PPal/Info.plist;
				IPHONEOS_DEPLOYMENT_TARGET = 11.0;
				LD_RUNPATH_SEARCH_PATHS = "$(inherited) @executable_path/Frameworks";
				PRODUCT_BUNDLE_IDENTIFIER = ca.sfu.cmpt275.PPal;
				PRODUCT_NAME = "$(TARGET_NAME)";
				SWIFT_OBJC_BRIDGING_HEADER = "PPal/PPal-Bridging-Header.h";
				SWIFT_VERSION = 4.0;
			};
			name = Release;
		};
		F7563BD71F9A9BF90046AC3E /* Debug */ = {
			isa = XCBuildConfiguration;
			buildSettings = {
				ALWAYS_EMBED_SWIFT_STANDARD_LIBRARIES = YES;
				BUNDLE_LOADER = "$(TEST_HOST)";
				CLANG_ENABLE_MODULES = YES;
				DEVELOPMENT_TEAM = FJ4RVNXQ3A;
				INFOPLIST_FILE = PPalTests/Info.plist;
				LD_RUNPATH_SEARCH_PATHS = "$(inherited) @executable_path/Frameworks @loader_path/Frameworks";
				PRODUCT_BUNDLE_IDENTIFIER = ca.sfu.cmpt275.PPalTests;
				PRODUCT_NAME = "$(TARGET_NAME)";
				SWIFT_OPTIMIZATION_LEVEL = "-Onone";
				SWIFT_VERSION = 4.0;
				TEST_HOST = "$(BUILT_PRODUCTS_DIR)/PPal.app/PPal";
			};
			name = Debug;
		};
		F7563BD81F9A9BF90046AC3E /* Release */ = {
			isa = XCBuildConfiguration;
			buildSettings = {
				ALWAYS_EMBED_SWIFT_STANDARD_LIBRARIES = YES;
				BUNDLE_LOADER = "$(TEST_HOST)";
				CLANG_ENABLE_MODULES = YES;
				DEVELOPMENT_TEAM = FJ4RVNXQ3A;
				INFOPLIST_FILE = PPalTests/Info.plist;
				LD_RUNPATH_SEARCH_PATHS = "$(inherited) @executable_path/Frameworks @loader_path/Frameworks";
				PRODUCT_BUNDLE_IDENTIFIER = ca.sfu.cmpt275.PPalTests;
				PRODUCT_NAME = "$(TARGET_NAME)";
				SWIFT_VERSION = 4.0;
				TEST_HOST = "$(BUILT_PRODUCTS_DIR)/PPal.app/PPal";
			};
			name = Release;
		};
		F7563BDA1F9A9BF90046AC3E /* Debug */ = {
			isa = XCBuildConfiguration;
			buildSettings = {
				ALWAYS_EMBED_SWIFT_STANDARD_LIBRARIES = YES;
				DEVELOPMENT_TEAM = FJ4RVNXQ3A;
				INFOPLIST_FILE = PPalUITests/Info.plist;
				LD_RUNPATH_SEARCH_PATHS = "$(inherited) @executable_path/Frameworks @loader_path/Frameworks";
				PRODUCT_BUNDLE_IDENTIFIER = ca.sfu.cmpt275.PPalUITests;
				PRODUCT_NAME = "$(TARGET_NAME)";
				SWIFT_VERSION = 4.0;
				TEST_TARGET_NAME = PPal;
			};
			name = Debug;
		};
		F7563BDB1F9A9BF90046AC3E /* Release */ = {
			isa = XCBuildConfiguration;
			buildSettings = {
				ALWAYS_EMBED_SWIFT_STANDARD_LIBRARIES = YES;
				DEVELOPMENT_TEAM = FJ4RVNXQ3A;
				INFOPLIST_FILE = PPalUITests/Info.plist;
				LD_RUNPATH_SEARCH_PATHS = "$(inherited) @executable_path/Frameworks @loader_path/Frameworks";
				PRODUCT_BUNDLE_IDENTIFIER = ca.sfu.cmpt275.PPalUITests;
				PRODUCT_NAME = "$(TARGET_NAME)";
				SWIFT_VERSION = 4.0;
				TEST_TARGET_NAME = PPal;
			};
			name = Release;
		};
/* End XCBuildConfiguration section */

/* Begin XCConfigurationList section */
		F7563BA61F9A9BF90046AC3E /* Build configuration list for PBXProject "PPal" */ = {
			isa = XCConfigurationList;
			buildConfigurations = (
				F7563BD11F9A9BF90046AC3E /* Debug */,
				F7563BD21F9A9BF90046AC3E /* Release */,
			);
			defaultConfigurationIsVisible = 0;
			defaultConfigurationName = Release;
		};
		F7563BD31F9A9BF90046AC3E /* Build configuration list for PBXNativeTarget "PPal" */ = {
			isa = XCConfigurationList;
			buildConfigurations = (
				F7563BD41F9A9BF90046AC3E /* Debug */,
				F7563BD51F9A9BF90046AC3E /* Release */,
			);
			defaultConfigurationIsVisible = 0;
			defaultConfigurationName = Release;
		};
		F7563BD61F9A9BF90046AC3E /* Build configuration list for PBXNativeTarget "PPalTests" */ = {
			isa = XCConfigurationList;
			buildConfigurations = (
				F7563BD71F9A9BF90046AC3E /* Debug */,
				F7563BD81F9A9BF90046AC3E /* Release */,
			);
			defaultConfigurationIsVisible = 0;
			defaultConfigurationName = Release;
		};
		F7563BD91F9A9BF90046AC3E /* Build configuration list for PBXNativeTarget "PPalUITests" */ = {
			isa = XCConfigurationList;
			buildConfigurations = (
				F7563BDA1F9A9BF90046AC3E /* Debug */,
				F7563BDB1F9A9BF90046AC3E /* Release */,
			);
			defaultConfigurationIsVisible = 0;
			defaultConfigurationName = Release;
		};
/* End XCConfigurationList section */
	};
	rootObject = F7563BA31F9A9BF90046AC3E /* Project object */;
}
